{
  "name": "esmb",
  "version": "1.6.2",
  "lockfileVersion": 2,
  "requires": true,
  "packages": {
    "": {
      "name": "esmb",
      "version": "1.6.2",
      "license": "MIT",
      "dependencies": {
        "@etchedjs/etched": "^9.0.2"
      }
    },
    "node_modules/@etchedjs/etched": {
      "version": "9.0.2",
      "resolved": "https://registry.npmjs.org/@etchedjs/etched/-/etched-9.0.2.tgz",
      "integrity": "sha512-268krwSR2gf0v6hZrkwPERstDD3Hdt5FWD0b3FV45LtyYb6IYFbnRxv2Ttm+R96TYSik9QC48/Cy9nQjIVoRlw=="
    }
  },
  "dependencies": {
    "@etchedjs/etched": {
      "version": "9.0.2",
      "resolved": "https://registry.npmjs.org/@etchedjs/etched/-/etched-9.0.2.tgz",
      "integrity": "sha512-268krwSR2gf0v6hZrkwPERstDD3Hdt5FWD0b3FV45LtyYb6IYFbnRxv2Ttm+R96TYSik9QC48/Cy9nQjIVoRlw=="
    }
  }
}
